// !$*UTF8*$!
{
	archiveVersion = 1;
	classes = {
	};
	objectVersion = 51;
	objects = {

/* Begin PBXBuildFile section */
		0526294227488BA3002F0865 /* LoginViewController.swift in Sources */ = {isa = PBXBuildFile; fileRef = 0526294127488BA3002F0865 /* LoginViewController.swift */; };
		05506E4227499C8200D4CECD /* SignUpViewController.swift in Sources */ = {isa = PBXBuildFile; fileRef = 05506E4127499C8200D4CECD /* SignUpViewController.swift */; };
		195EF5828085D65807B006BD /* Pods_Blendr.framework in Frameworks */ = {isa = PBXBuildFile; fileRef = 60BB6430B86642E38B450189 /* Pods_Blendr.framework */; };
		57603473274C0DFA004D1364 /* ProfileViewController.swift in Sources */ = {isa = PBXBuildFile; fileRef = 57603472274C0DFA004D1364 /* ProfileViewController.swift */; };
		F3A79C85273B5B040017FA8D /* AppDelegate.swift in Sources */ = {isa = PBXBuildFile; fileRef = F3A79C84273B5B040017FA8D /* AppDelegate.swift */; };
		F3A79C87273B5B040017FA8D /* SceneDelegate.swift in Sources */ = {isa = PBXBuildFile; fileRef = F3A79C86273B5B040017FA8D /* SceneDelegate.swift */; };
		F3A79C8C273B5B040017FA8D /* Main.storyboard in Resources */ = {isa = PBXBuildFile; fileRef = F3A79C8A273B5B040017FA8D /* Main.storyboard */; };
		F3A79C8E273B5B060017FA8D /* Assets.xcassets in Resources */ = {isa = PBXBuildFile; fileRef = F3A79C8D273B5B060017FA8D /* Assets.xcassets */; };
		F3A79C91273B5B060017FA8D /* LaunchScreen.storyboard in Resources */ = {isa = PBXBuildFile; fileRef = F3A79C8F273B5B060017FA8D /* LaunchScreen.storyboard */; };
/* End PBXBuildFile section */

/* Begin PBXFileReference section */
		0526294127488BA3002F0865 /* LoginViewController.swift */ = {isa = PBXFileReference; lastKnownFileType = sourcecode.swift; path = LoginViewController.swift; sourceTree = "<group>"; };
		05506E4127499C8200D4CECD /* SignUpViewController.swift */ = {isa = PBXFileReference; lastKnownFileType = sourcecode.swift; path = SignUpViewController.swift; sourceTree = "<group>"; };
		27500B5BFEBC9A8ACB4B4C1A /* Pods-Blendr.release.xcconfig */ = {isa = PBXFileReference; includeInIndex = 1; lastKnownFileType = text.xcconfig; name = "Pods-Blendr.release.xcconfig"; path = "Target Support Files/Pods-Blendr/Pods-Blendr.release.xcconfig"; sourceTree = "<group>"; };
		57603472274C0DFA004D1364 /* ProfileViewController.swift */ = {isa = PBXFileReference; lastKnownFileType = sourcecode.swift; path = ProfileViewController.swift; sourceTree = "<group>"; };
		60BB6430B86642E38B450189 /* Pods_Blendr.framework */ = {isa = PBXFileReference; explicitFileType = wrapper.framework; includeInIndex = 0; path = Pods_Blendr.framework; sourceTree = BUILT_PRODUCTS_DIR; };
		D5865C2B27F1F74BF4A3C4C9 /* Pods-Blendr.debug.xcconfig */ = {isa = PBXFileReference; includeInIndex = 1; lastKnownFileType = text.xcconfig; name = "Pods-Blendr.debug.xcconfig"; path = "Target Support Files/Pods-Blendr/Pods-Blendr.debug.xcconfig"; sourceTree = "<group>"; };
		F3A79C81273B5B040017FA8D /* Blendr.app */ = {isa = PBXFileReference; explicitFileType = wrapper.application; includeInIndex = 0; path = Blendr.app; sourceTree = BUILT_PRODUCTS_DIR; };
		F3A79C84273B5B040017FA8D /* AppDelegate.swift */ = {isa = PBXFileReference; lastKnownFileType = sourcecode.swift; path = AppDelegate.swift; sourceTree = "<group>"; };
		F3A79C86273B5B040017FA8D /* SceneDelegate.swift */ = {isa = PBXFileReference; lastKnownFileType = sourcecode.swift; path = SceneDelegate.swift; sourceTree = "<group>"; };
		F3A79C8B273B5B040017FA8D /* Base */ = {isa = PBXFileReference; lastKnownFileType = file.storyboard; name = Base; path = Base.lproj/Main.storyboard; sourceTree = "<group>"; };
		F3A79C8D273B5B060017FA8D /* Assets.xcassets */ = {isa = PBXFileReference; lastKnownFileType = folder.assetcatalog; path = Assets.xcassets; sourceTree = "<group>"; };
		F3A79C90273B5B060017FA8D /* Base */ = {isa = PBXFileReference; lastKnownFileType = file.storyboard; name = Base; path = Base.lproj/LaunchScreen.storyboard; sourceTree = "<group>"; };
		F3A79C92273B5B060017FA8D /* Info.plist */ = {isa = PBXFileReference; lastKnownFileType = text.plist.xml; path = Info.plist; sourceTree = "<group>"; };
/* End PBXFileReference section */

/* Begin PBXFrameworksBuildPhase section */
		F3A79C7E273B5B040017FA8D /* Frameworks */ = {
			isa = PBXFrameworksBuildPhase;
			buildActionMask = 2147483647;
			files = (
				195EF5828085D65807B006BD /* Pods_Blendr.framework in Frameworks */,
			);
			runOnlyForDeploymentPostprocessing = 0;
		};
/* End PBXFrameworksBuildPhase section */

/* Begin PBXGroup section */
		5DAE443566DE62E761DE6209 /* Pods */ = {
			isa = PBXGroup;
			children = (
				D5865C2B27F1F74BF4A3C4C9 /* Pods-Blendr.debug.xcconfig */,
				27500B5BFEBC9A8ACB4B4C1A /* Pods-Blendr.release.xcconfig */,
			);
			path = Pods;
			sourceTree = "<group>";
		};
		B73BF0C451AD7040D364D2E8 /* Frameworks */ = {
			isa = PBXGroup;
			children = (
				60BB6430B86642E38B450189 /* Pods_Blendr.framework */,
			);
			name = Frameworks;
			sourceTree = "<group>";
		};
		F3A79C78273B5B040017FA8D = {
			isa = PBXGroup;
			children = (
				F3A79C83273B5B040017FA8D /* Blendr */,
				F3A79C82273B5B040017FA8D /* Products */,
				5DAE443566DE62E761DE6209 /* Pods */,
				B73BF0C451AD7040D364D2E8 /* Frameworks */,
			);
			sourceTree = "<group>";
		};
		F3A79C82273B5B040017FA8D /* Products */ = {
			isa = PBXGroup;
			children = (
				F3A79C81273B5B040017FA8D /* Blendr.app */,
			);
			name = Products;
			sourceTree = "<group>";
		};
		F3A79C83273B5B040017FA8D /* Blendr */ = {
			isa = PBXGroup;
			children = (
				F3A79C84273B5B040017FA8D /* AppDelegate.swift */,
				F3A79C86273B5B040017FA8D /* SceneDelegate.swift */,
				F3A79C8A273B5B040017FA8D /* Main.storyboard */,
				F3A79C8D273B5B060017FA8D /* Assets.xcassets */,
				F3A79C8F273B5B060017FA8D /* LaunchScreen.storyboard */,
				F3A79C92273B5B060017FA8D /* Info.plist */,
				0526294127488BA3002F0865 /* LoginViewController.swift */,
				05506E4127499C8200D4CECD /* SignUpViewController.swift */,
				57603472274C0DFA004D1364 /* ProfileViewController.swift */,
			);
			path = Blendr;
			sourceTree = "<group>";
		};
/* End PBXGroup section */

/* Begin PBXNativeTarget section */
		F3A79C80273B5B040017FA8D /* Blendr */ = {
			isa = PBXNativeTarget;
			buildConfigurationList = F3A79C95273B5B060017FA8D /* Build configuration list for PBXNativeTarget "Blendr" */;
			buildPhases = (
				57AB75CA83158F0F9744074F /* [CP] Check Pods Manifest.lock */,
				F3A79C7D273B5B040017FA8D /* Sources */,
				F3A79C7E273B5B040017FA8D /* Frameworks */,
				F3A79C7F273B5B040017FA8D /* Resources */,
				D08CCB6AA96B4805FFAD50D7 /* [CP] Embed Pods Frameworks */,
			);
			buildRules = (
			);
			dependencies = (
			);
			name = Blendr;
			productName = Blendr;
			productReference = F3A79C81273B5B040017FA8D /* Blendr.app */;
			productType = "com.apple.product-type.application";
		};
/* End PBXNativeTarget section */

/* Begin PBXProject section */
		F3A79C79273B5B040017FA8D /* Project object */ = {
			isa = PBXProject;
			attributes = {
				LastSwiftUpdateCheck = 1220;
				LastUpgradeCheck = 1220;
				TargetAttributes = {
					F3A79C80273B5B040017FA8D = {
						CreatedOnToolsVersion = 12.2;
					};
				};
			};
			buildConfigurationList = F3A79C7C273B5B040017FA8D /* Build configuration list for PBXProject "Blendr" */;
			compatibilityVersion = "Xcode 9.3";
			developmentRegion = en;
			hasScannedForEncodings = 0;
			knownRegions = (
				en,
				Base,
			);
			mainGroup = F3A79C78273B5B040017FA8D;
			productRefGroup = F3A79C82273B5B040017FA8D /* Products */;
			projectDirPath = "";
			projectRoot = "";
			targets = (
				F3A79C80273B5B040017FA8D /* Blendr */,
			);
		};
/* End PBXProject section */

/* Begin PBXResourcesBuildPhase section */
		F3A79C7F273B5B040017FA8D /* Resources */ = {
			isa = PBXResourcesBuildPhase;
			buildActionMask = 2147483647;
			files = (
				F3A79C91273B5B060017FA8D /* LaunchScreen.storyboard in Resources */,
				F3A79C8E273B5B060017FA8D /* Assets.xcassets in Resources */,
				F3A79C8C273B5B040017FA8D /* Main.storyboard in Resources */,
			);
			runOnlyForDeploymentPostprocessing = 0;
		};
/* End PBXResourcesBuildPhase section */

/* Begin PBXShellScriptBuildPhase section */
		57AB75CA83158F0F9744074F /* [CP] Check Pods Manifest.lock */ = {
			isa = PBXShellScriptBuildPhase;
			buildActionMask = 2147483647;
			files = (
			);
			inputFileListPaths = (
			);
			inputPaths = (
				"${PODS_PODFILE_DIR_PATH}/Podfile.lock",
				"${PODS_ROOT}/Manifest.lock",
			);
			name = "[CP] Check Pods Manifest.lock";
			outputFileListPaths = (
			);
			outputPaths = (
				"$(DERIVED_FILE_DIR)/Pods-Blendr-checkManifestLockResult.txt",
			);
			runOnlyForDeploymentPostprocessing = 0;
			shellPath = /bin/sh;
			shellScript = "diff \"${PODS_PODFILE_DIR_PATH}/Podfile.lock\" \"${PODS_ROOT}/Manifest.lock\" > /dev/null\nif [ $? != 0 ] ; then\n    # print error to STDERR\n    echo \"error: The sandbox is not in sync with the Podfile.lock. Run 'pod install' or update your CocoaPods installation.\" >&2\n    exit 1\nfi\n# This output is used by Xcode 'outputs' to avoid re-running this script phase.\necho \"SUCCESS\" > \"${SCRIPT_OUTPUT_FILE_0}\"\n";
			showEnvVarsInLog = 0;
		};
		D08CCB6AA96B4805FFAD50D7 /* [CP] Embed Pods Frameworks */ = {
			isa = PBXShellScriptBuildPhase;
			buildActionMask = 2147483647;
			files = (
			);
			inputFileListPaths = (
				"${PODS_ROOT}/Target Support Files/Pods-Blendr/Pods-Blendr-frameworks-${CONFIGURATION}-input-files.xcfilelist",
			);
			name = "[CP] Embed Pods Frameworks";
			outputFileListPaths = (
				"${PODS_ROOT}/Target Support Files/Pods-Blendr/Pods-Blendr-frameworks-${CONFIGURATION}-output-files.xcfilelist",
			);
			runOnlyForDeploymentPostprocessing = 0;
			shellPath = /bin/sh;
			shellScript = "\"${PODS_ROOT}/Target Support Files/Pods-Blendr/Pods-Blendr-frameworks.sh\"\n";
			showEnvVarsInLog = 0;
		};
/* End PBXShellScriptBuildPhase section */

/* Begin PBXSourcesBuildPhase section */
		F3A79C7D273B5B040017FA8D /* Sources */ = {
			isa = PBXSourcesBuildPhase;
			buildActionMask = 2147483647;
			files = (
				0526294227488BA3002F0865 /* LoginViewController.swift in Sources */,
				F3A79C85273B5B040017FA8D /* AppDelegate.swift in Sources */,
				57603473274C0DFA004D1364 /* ProfileViewController.swift in Sources */,
				05506E4227499C8200D4CECD /* SignUpViewController.swift in Sources */,
				F3A79C87273B5B040017FA8D /* SceneDelegate.swift in Sources */,
			);
			runOnlyForDeploymentPostprocessing = 0;
		};
/* End PBXSourcesBuildPhase section */

/* Begin PBXVariantGroup section */
		F3A79C8A273B5B040017FA8D /* Main.storyboard */ = {
			isa = PBXVariantGroup;
			children = (
				F3A79C8B273B5B040017FA8D /* Base */,
			);
			name = Main.storyboard;
			sourceTree = "<group>";
		};
		F3A79C8F273B5B060017FA8D /* LaunchScreen.storyboard */ = {
			isa = PBXVariantGroup;
			children = (
				F3A79C90273B5B060017FA8D /* Base */,
			);
			name = LaunchScreen.storyboard;
			sourceTree = "<group>";
		};
/* End PBXVariantGroup section */

/* Begin XCBuildConfiguration section */
		F3A79C93273B5B060017FA8D /* Debug */ = {
			isa = XCBuildConfiguration;
			buildSettings = {
				ALWAYS_SEARCH_USER_PATHS = NO;
				CLANG_ANALYZER_NONNULL = YES;
				CLANG_ANALYZER_NUMBER_OBJECT_CONVERSION = YES_AGGRESSIVE;
				CLANG_CXX_LANGUAGE_STANDARD = "gnu++14";
				CLANG_CXX_LIBRARY = "libc++";
				CLANG_ENABLE_MODULES = YES;
				CLANG_ENABLE_OBJC_ARC = YES;
				CLANG_ENABLE_OBJC_WEAK = YES;
				CLANG_WARN_BLOCK_CAPTURE_AUTORELEASING = YES;
				CLANG_WARN_BOOL_CONVERSION = YES;
				CLANG_WARN_COMMA = YES;
				CLANG_WARN_CONSTANT_CONVERSION = YES;
				CLANG_WARN_DEPRECATED_OBJC_IMPLEMENTATIONS = YES;
				CLANG_WARN_DIRECT_OBJC_ISA_USAGE = YES_ERROR;
				CLANG_WARN_DOCUMENTATION_COMMENTS = YES;
				CLANG_WARN_EMPTY_BODY = YES;
				CLANG_WARN_ENUM_CONVERSION = YES;
				CLANG_WARN_INFINITE_RECURSION = YES;
				CLANG_WARN_INT_CONVERSION = YES;
				CLANG_WARN_NON_LITERAL_NULL_CONVERSION = YES;
				CLANG_WARN_OBJC_IMPLICIT_RETAIN_SELF = YES;
				CLANG_WARN_OBJC_LITERAL_CONVERSION = YES;
				CLANG_WARN_OBJC_ROOT_CLASS = YES_ERROR;
				CLANG_WARN_QUOTED_INCLUDE_IN_FRAMEWORK_HEADER = YES;
				CLANG_WARN_RANGE_LOOP_ANALYSIS = YES;
				CLANG_WARN_STRICT_PROTOTYPES = YES;
				CLANG_WARN_SUSPICIOUS_MOVE = YES;
				CLANG_WARN_UNGUARDED_AVAILABILITY = YES_AGGRESSIVE;
				CLANG_WARN_UNREACHABLE_CODE = YES;
				CLANG_WARN__DUPLICATE_METHOD_MATCH = YES;
				COPY_PHASE_STRIP = NO;
				DEBUG_INFORMATION_FORMAT = dwarf;
				ENABLE_STRICT_OBJC_MSGSEND = YES;
				ENABLE_TESTABILITY = YES;
				GCC_C_LANGUAGE_STANDARD = gnu11;
				GCC_DYNAMIC_NO_PIC = NO;
				GCC_NO_COMMON_BLOCKS = YES;
				GCC_OPTIMIZATION_LEVEL = 0;
				GCC_PREPROCESSOR_DEFINITIONS = (
					"DEBUG=1",
					"$(inherited)",
				);
				GCC_WARN_64_TO_32_BIT_CONVERSION = YES;
				GCC_WARN_ABOUT_RETURN_TYPE = YES_ERROR;
				GCC_WARN_UNDECLARED_SELECTOR = YES;
				GCC_WARN_UNINITIALIZED_AUTOS = YES_AGGRESSIVE;
				GCC_WARN_UNUSED_FUNCTION = YES;
				GCC_WARN_UNUSED_VARIABLE = YES;
				IPHONEOS_DEPLOYMENT_TARGET = 14.2;
				MTL_ENABLE_DEBUG_INFO = INCLUDE_SOURCE;
				MTL_FAST_MATH = YES;
				ONLY_ACTIVE_ARCH = YES;
				SDKROOT = iphoneos;
				SWIFT_ACTIVE_COMPILATION_CONDITIONS = DEBUG;
				SWIFT_OPTIMIZATION_LEVEL = "-Onone";
			};
			name = Debug;
		};
		F3A79C94273B5B060017FA8D /* Release */ = {
			isa = XCBuildConfiguration;
			buildSettings = {
				ALWAYS_SEARCH_USER_PATHS = NO;
				CLANG_ANALYZER_NONNULL = YES;
				CLANG_ANALYZER_NUMBER_OBJECT_CONVERSION = YES_AGGRESSIVE;
				CLANG_CXX_LANGUAGE_STANDARD = "gnu++14";
				CLANG_CXX_LIBRARY = "libc++";
				CLANG_ENABLE_MODULES = YES;
				CLANG_ENABLE_OBJC_ARC = YES;
				CLANG_ENABLE_OBJC_WEAK = YES;
				CLANG_WARN_BLOCK_CAPTURE_AUTORELEASING = YES;
				CLANG_WARN_BOOL_CONVERSION = YES;
				CLANG_WARN_COMMA = YES;
				CLANG_WARN_CONSTANT_CONVERSION = YES;
				CLANG_WARN_DEPRECATED_OBJC_IMPLEMENTATIONS = YES;
				CLANG_WARN_DIRECT_OBJC_ISA_USAGE = YES_ERROR;
				CLANG_WARN_DOCUMENTATION_COMMENTS = YES;
				CLANG_WARN_EMPTY_BODY = YES;
				CLANG_WARN_ENUM_CONVERSION = YES;
				CLANG_WARN_INFINITE_RECURSION = YES;
				CLANG_WARN_INT_CONVERSION = YES;
				CLANG_WARN_NON_LITERAL_NULL_CONVERSION = YES;
				CLANG_WARN_OBJC_IMPLICIT_RETAIN_SELF = YES;
				CLANG_WARN_OBJC_LITERAL_CONVERSION = YES;
				CLANG_WARN_OBJC_ROOT_CLASS = YES_ERROR;
				CLANG_WARN_QUOTED_INCLUDE_IN_FRAMEWORK_HEADER = YES;
				CLANG_WARN_RANGE_LOOP_ANALYSIS = YES;
				CLANG_WARN_STRICT_PROTOTYPES = YES;
				CLANG_WARN_SUSPICIOUS_MOVE = YES;
				CLANG_WARN_UNGUARDED_AVAILABILITY = YES_AGGRESSIVE;
				CLANG_WARN_UNREACHABLE_CODE = YES;
				CLANG_WARN__DUPLICATE_METHOD_MATCH = YES;
				COPY_PHASE_STRIP = NO;
				DEBUG_INFORMATION_FORMAT = "dwarf-with-dsym";
				ENABLE_NS_ASSERTIONS = NO;
				ENABLE_STRICT_OBJC_MSGSEND = YES;
				GCC_C_LANGUAGE_STANDARD = gnu11;
				GCC_NO_COMMON_BLOCKS = YES;
				GCC_WARN_64_TO_32_BIT_CONVERSION = YES;
				GCC_WARN_ABOUT_RETURN_TYPE = YES_ERROR;
				GCC_WARN_UNDECLARED_SELECTOR = YES;
				GCC_WARN_UNINITIALIZED_AUTOS = YES_AGGRESSIVE;
				GCC_WARN_UNUSED_FUNCTION = YES;
				GCC_WARN_UNUSED_VARIABLE = YES;
				IPHONEOS_DEPLOYMENT_TARGET = 14.2;
				MTL_ENABLE_DEBUG_INFO = NO;
				MTL_FAST_MATH = YES;
				SDKROOT = iphoneos;
				SWIFT_COMPILATION_MODE = wholemodule;
				SWIFT_OPTIMIZATION_LEVEL = "-O";
				VALIDATE_PRODUCT = YES;
			};
			name = Release;
		};
		F3A79C96273B5B060017FA8D /* Debug */ = {
			isa = XCBuildConfiguration;
			baseConfigurationReference = D5865C2B27F1F74BF4A3C4C9 /* Pods-Blendr.debug.xcconfig */;
			buildSettings = {
				ASSETCATALOG_COMPILER_APPICON_NAME = AppIcon;
				ASSETCATALOG_COMPILER_GLOBAL_ACCENT_COLOR_NAME = AccentColor;
				CODE_SIGN_STYLE = Automatic;
				DEVELOPMENT_TEAM = 3PR6RD3822;
				INFOPLIST_FILE = Blendr/Info.plist;
				IPHONEOS_DEPLOYMENT_TARGET = 13.2;
				LD_RUNPATH_SEARCH_PATHS = (
					"$(inherited)",
					"@executable_path/Frameworks",
				);
				PRODUCT_BUNDLE_IDENTIFIER = "Caleb-Harrington.Blendr";
				PRODUCT_NAME = "$(TARGET_NAME)";
				SWIFT_VERSION = 5.0;
				TARGETED_DEVICE_FAMILY = "1,2";
			};
			name = Debug;
		};
		F3A79C97273B5B060017FA8D /* Release */ = {
			isa = XCBuildConfiguration;
			baseConfigurationReference = 27500B5BFEBC9A8ACB4B4C1A /* Pods-Blendr.release.xcconfig */;
			buildSettings = {
				ASSETCATALOG_COMPILER_APPICON_NAME = AppIcon;
				ASSETCATALOG_COMPILER_GLOBAL_ACCENT_COLOR_NAME = AccentColor;
				CODE_SIGN_STYLE = Automatic;
				DEVELOPMENT_TEAM = 3PR6RD3822;
				INFOPLIST_FILE = Blendr/Info.plist;
				IPHONEOS_DEPLOYMENT_TARGET = 13.2;
				LD_RUNPATH_SEARCH_PATHS = (
					"$(inherited)",
					"@executable_path/Frameworks",
				);
				PRODUCT_BUNDLE_IDENTIFIER = "Caleb-Harrington.Blendr";
				PRODUCT_NAME = "$(TARGET_NAME)";
				SWIFT_VERSION = 5.0;
				TARGETED_DEVICE_FAMILY = "1,2";
			};
			name = Release;
		};
/* End XCBuildConfiguration section */

/* Begin XCConfigurationList section */
		F3A79C7C273B5B040017FA8D /* Build configuration list for PBXProject "Blendr" */ = {
			isa = XCConfigurationList;
			buildConfigurations = (
				F3A79C93273B5B060017FA8D /* Debug */,
				F3A79C94273B5B060017FA8D /* Release */,
			);
			defaultConfigurationIsVisible = 0;
			defaultConfigurationName = Release;
		};
		F3A79C95273B5B060017FA8D /* Build configuration list for PBXNativeTarget "Blendr" */ = {
			isa = XCConfigurationList;
			buildConfigurations = (
				F3A79C96273B5B060017FA8D /* Debug */,
				F3A79C97273B5B060017FA8D /* Release */,
			);
			defaultConfigurationIsVisible = 0;
			defaultConfigurationName = Release;
		};
/* End XCConfigurationList section */
	};
	rootObject = F3A79C79273B5B040017FA8D /* Project object */;
}
